
Microsoft Visual Studio Solution File, Format Version 12.00
# Visual Studio Version 17
VisualStudioVersion = 17.0.31903.59
MinimumVisualStudioVersion = 10.0.40219.1
Project("{FAE04EC0-301F-11D3-BF4B-00C04F79EFBC}") = "Domain", "Domain\Domain.csproj", "{C848A8D8-82AB-4596-A1DB-77C589328022}"
EndProject
Project("{FAE04EC0-301F-11D3-BF4B-00C04F79EFBC}") = "Infrastructure", "Infrastructure\Infrastructure.csproj", "{309D2A8C-C914-4BEE-BC5E-FCDE728147D6}"
EndProject
Project("{FAE04EC0-301F-11D3-BF4B-00C04F79EFBC}") = "MVC", "MVC\MVC.csproj", "{F791207C-2E8C-4F8A-97DF-0DCA344556D6}"
EndProject
Global
	GlobalSection(SolutionConfigurationPlatforms) = preSolution
		Debug|Any CPU = Debug|Any CPU
		Release|Any CPU = Release|Any CPU
	EndGlobalSection
	GlobalSection(SolutionProperties) = preSolution
		HideSolutionNode = FALSE
	EndGlobalSection
	GlobalSection(ProjectConfigurationPlatforms) = postSolution
		{C848A8D8-82AB-4596-A1DB-77C589328022}.Debug|Any CPU.ActiveCfg = Debug|Any CPU
		{C848A8D8-82AB-4596-A1DB-77C589328022}.Debug|Any CPU.Build.0 = Debug|Any CPU
		{C848A8D8-82AB-4596-A1DB-77C589328022}.Release|Any CPU.ActiveCfg = Release|Any CPU
		{C848A8D8-82AB-4596-A1DB-77C589328022}.Release|Any CPU.Build.0 = Release|Any CPU
		{309D2A8C-C914-4BEE-BC5E-FCDE728147D6}.Debug|Any CPU.ActiveCfg = Debug|Any CPU
		{309D2A8C-C914-4BEE-BC5E-FCDE728147D6}.Debug|Any CPU.Build.0 = Debug|Any CPU
		{309D2A8C-C914-4BEE-BC5E-FCDE728147D6}.Release|Any CPU.ActiveCfg = Release|Any CPU
		{309D2A8C-C914-4BEE-BC5E-FCDE728147D6}.Release|Any CPU.Build.0 = Release|Any CPU
		{F791207C-2E8C-4F8A-97DF-0DCA344556D6}.Debug|Any CPU.ActiveCfg = Debug|Any CPU
		{F791207C-2E8C-4F8A-97DF-0DCA344556D6}.Debug|Any CPU.Build.0 = Debug|Any CPU
		{F791207C-2E8C-4F8A-97DF-0DCA344556D6}.Release|Any CPU.ActiveCfg = Release|Any CPU
		{F791207C-2E8C-4F8A-97DF-0DCA344556D6}.Release|Any CPU.Build.0 = Release|Any CPU
	EndGlobalSection
EndGlobal
